{"1.2.0",
[{<<"aws_credentials">>,{pkg,<<"aws_credentials">>,<<"0.3.0">>},0},
 {<<"eini">>,{pkg,<<"eini">>,<<"1.2.9">>},0},
 {<<"iso8601">>,{pkg,<<"iso8601">>,<<"1.3.4">>},0},
 {<<"jsx">>,{pkg,<<"jsx">>,<<"3.1.0">>},1}]}.
[
{pkg_hash,[
 {<<"aws_credentials">>, <<"B452847B395495E7E26573FEA884AD929E3895D54CAF2694768B579A1DE775A7">>},
 {<<"eini">>, <<"FCC3CBD49BBDD9A1D9735C7365DAFFCD84481CCE81E6CB80537883AA44AC4895">>},
 {<<"iso8601">>, <<"7B1F095F86F6CF65E1E5A77872E8E8BF69BD58D4C3A415B3F77D9CC9423ECBB9">>},
 {<<"jsx">>, <<"D12516BAA0BB23A59BB35DCCAF02A1BD08243FCBB9EFE24F2D9D056CCFF71268">>}]},
{pkg_hash_ext,[
 {<<"aws_credentials">>, <<"B70B8F455B91BB5A306452E770A3B88B3DF71924779DDCC0BC345D6627454432">>},
 {<<"eini">>, <<"DA64AE8DB7C2F502E6F20CDF44CD3D9BE364412B87FF49FEBF282540F673DFCB">>},
 {<<"iso8601">>, <<"A334469C07F1C219326BC891A95F5EEC8EB12DD8071A3FFF56A7843CB20FAE34">>},
 {<<"jsx">>, <<"0C5CC8FDC11B53CC25CF65AC6705AD39E54ECC56D1C22E4ADB8F5A53FB9427F3">>}]}
].
